
Microsoft Visual Studio Solution File, Format Version 12.00
# Visual Studio Version 17
VisualStudioVersion = 17.4.33403.182
MinimumVisualStudioVersion = 10.0.40219.1
Project("{FAE04EC0-301F-11D3-BF4B-00C04F79EFBC}") = "CodeHomeWork_3_4", "CodeHomeWork_3_4\CodeHomeWork_3_4.csproj", "{1E847699-D8E1-4C01-B8DB-884B0A0F1579}"
EndProject
Global
	GlobalSection(SolutionConfigurationPlatforms) = preSolution
		Debug|Any CPU = Debug|Any CPU
		Release|Any CPU = Release|Any CPU
	EndGlobalSection
	GlobalSection(ProjectConfigurationPlatforms) = postSolution
		{1E847699-D8E1-4C01-B8DB-884B0A0F1579}.Debug|Any CPU.ActiveCfg = Debug|Any CPU
		{1E847699-D8E1-4C01-B8DB-884B0A0F1579}.Debug|Any CPU.Build.0 = Debug|Any CPU
		{1E847699-D8E1-4C01-B8DB-884B0A0F1579}.Release|Any CPU.ActiveCfg = Release|Any CPU
		{1E847699-D8E1-4C01-B8DB-884B0A0F1579}.Release|Any CPU.Build.0 = Release|Any CPU
	EndGlobalSection
	GlobalSection(SolutionProperties) = preSolution
		HideSolutionNode = FALSE
	EndGlobalSection
	GlobalSection(ExtensibilityGlobals) = postSolution
		SolutionGuid = {43C9F0BE-9314-4D6D-96AB-E21A48C1A2D1}
	EndGlobalSection
EndGlobal
